
Microsoft Visual Studio Solution File, Format Version 12.00
# Visual Studio Version 18
VisualStudioVersion = 18.0.11217.181
MinimumVisualStudioVersion = 10.0.40219.1
Project("{2150E333-8FDC-42A3-9474-1A3956D46DE8}") = "01_Presentation", "01_Presentation", "{CE7F8AAE-2D76-4446-B29F-5309EA488EBF}"
EndProject
Project("{2150E333-8FDC-42A3-9474-1A3956D46DE8}") = "03_Domain", "03_Domain", "{42BA2F75-F91F-4DE4-B78B-AC61CF25B0DF}"
EndProject
Project("{2150E333-8FDC-42A3-9474-1A3956D46DE8}") = "04_Infrastructure", "04_Infrastructure", "{956FD483-8AE9-4DEB-A975-4179766568F6}"
EndProject
Project("{2150E333-8FDC-42A3-9474-1A3956D46DE8}") = "05_Helpers", "05_Helpers", "{334621DA-C791-4350-BAD5-5CA23A4ADE41}"
EndProject
Project("{2150E333-8FDC-42A3-9474-1A3956D46DE8}") = "06_Tests", "06_Tests", "{75AA49D4-21DB-4561-A2EA-5BABA28AF6B9}"
EndProject
Project("{9A19103F-16F7-4668-BE54-9A1E7A4F7556}") = "TimeHacker.Infrastructure", "TimeHacker.Infrastructure\TimeHacker.Infrastructure.csproj", "{6BC4BE6B-DBC5-43B0-9101-0A723F04D763}"
EndProject
Project("{9A19103F-16F7-4668-BE54-9A1E7A4F7556}") = "TimeHacker.Infrastructure.Identity", "TimeHacker.Infrastructure.Identity\TimeHacker.Infrastructure.Identity.csproj", "{DC38DB08-D7F8-454C-AE17-68AD52E8B24C}"
EndProject
Project("{9A19103F-16F7-4668-BE54-9A1E7A4F7556}") = "TimeHacker.Helpers.Domain", "TimeHacker.Helpers.Domain\TimeHacker.Helpers.Domain.csproj", "{B09DFE01-A061-4B79-9496-924B2306127D}"
EndProject
Project("{FAE04EC0-301F-11D3-BF4B-00C04F79EFBC}") = "TimeHacker.Migrations", "TimeHacker.Migrations\TimeHacker.Migrations.csproj", "{68A151AC-724F-4E8B-A571-04F6A0AD2A72}"
EndProject
Project("{FAE04EC0-301F-11D3-BF4B-00C04F79EFBC}") = "TimeHacker.Migrations.Identity", "TimeHacker.Migrations.Identity\TimeHacker.Migrations.Identity.csproj", "{A6C59CCF-0378-462C-A4C8-90498E3121B6}"
EndProject
Project("{E53339B2-1760-4266-BCC7-CA923CBCF16C}") = "docker-compose", "docker-compose.dcproj", "{DCB670BE-55CF-4672-BD5D-D6F4F12D2067}"
EndProject
Project("{FAE04EC0-301F-11D3-BF4B-00C04F79EFBC}") = "TimeHacker.Helpers.Db", "TimeHacker.Helpers.Db\TimeHacker.Helpers.Db.csproj", "{F51425E8-30B6-4072-9FC1-FC53BDC673A7}"
EndProject
Project("{FAE04EC0-301F-11D3-BF4B-00C04F79EFBC}") = "TimeHacker.Api", "TimeHacker.Api\TimeHacker.Api.csproj", "{906EDF74-1F56-EA0B-BC74-603AA17FD3A7}"
EndProject
Project("{2150E333-8FDC-42A3-9474-1A3956D46DE8}") = "02_Application", "02_Application", "{02EA681E-C7D8-13C7-8484-4AC65E1B71E8}"
EndProject
Project("{2150E333-8FDC-42A3-9474-1A3956D46DE8}") = "Solution Items", "Solution Items", "{8EC462FD-D22E-90A8-E5CE-7E832BA40C5D}"
	ProjectSection(SolutionItems) = preProject
		Directory.Build.props = Directory.Build.props
		Directory.Packages.props = Directory.Packages.props
	EndProjectSection
EndProject
Project("{FAE04EC0-301F-11D3-BF4B-00C04F79EFBC}") = "TimeHacker.Domain", "TimeHacker.Domain\TimeHacker.Domain.csproj", "{48E6DFDA-8C63-EB3F-D261-3B78C94E3FCB}"
EndProject
Project("{FAE04EC0-301F-11D3-BF4B-00C04F79EFBC}") = "TimeHacker.Domain.Services", "TimeHacker.Domain.Services\TimeHacker.Domain.Services.csproj", "{74ED2357-5853-C35D-ECE6-40F7E69F8C00}"
EndProject
Project("{FAE04EC0-301F-11D3-BF4B-00C04F79EFBC}") = "TimeHacker.Application.Api", "TimeHacker.Application.Api\TimeHacker.Application.Api.csproj", "{ECAA5CEF-71A2-49F4-A646-6546FFE3E642}"
EndProject
Project("{FAE04EC0-301F-11D3-BF4B-00C04F79EFBC}") = "TimeHacker.Application.Api.Contracts", "TimeHacker.Application.Api.Contracts\TimeHacker.Application.Api.Contracts.csproj", "{B3834AB5-D200-4A7B-83A6-02EA84F24DFB}"
EndProject
Project("{2150E333-8FDC-42A3-9474-1A3956D46DE8}") = "UnitTests", "UnitTests", "{8DBDF0E2-B508-4F8D-BC4E-5212990777F9}"
EndProject
Project("{FAE04EC0-301F-11D3-BF4B-00C04F79EFBC}") = "TimeHacker.Application.Api.Tests", "TimeHacker.Application.Api.Tests\TimeHacker.Application.Api.Tests.csproj", "{87DE2DE4-8B57-F558-1F5E-5983C4ECC15F}"
EndProject
Project("{FAE04EC0-301F-11D3-BF4B-00C04F79EFBC}") = "TimeHacker.Domain.Services.Tests", "TimeHacker.Domain.Services.Tests\TimeHacker.Domain.Services.Tests.csproj", "{DD36CC17-117D-4D46-99BB-148D7398DFB7}"
EndProject
Project("{FAE04EC0-301F-11D3-BF4B-00C04F79EFBC}") = "TimeHacker.Tests.Helpers", "TimeHacker.Tests.Helpers\TimeHacker.Tests.Helpers.csproj", "{646C1897-4BD6-0EDE-39B5-5923BD475437}"
EndProject
Project("{54A90642-561A-4BB1-A94E-469ADEE60C69}") = "timehacker.ui", "TimeHacker.UI\timehacker.ui.esproj", "{02587E00-CD84-1B1B-4E80-159A630B6FC3}"
EndProject
Global
	GlobalSection(SolutionConfigurationPlatforms) = preSolution
		Debug|Any CPU = Debug|Any CPU
		NoVariablesDefault|Any CPU = NoVariablesDefault|Any CPU
		Release|Any CPU = Release|Any CPU
	EndGlobalSection
	GlobalSection(ProjectConfigurationPlatforms) = postSolution
		{6BC4BE6B-DBC5-43B0-9101-0A723F04D763}.Debug|Any CPU.ActiveCfg = Debug|Any CPU
		{6BC4BE6B-DBC5-43B0-9101-0A723F04D763}.Debug|Any CPU.Build.0 = Debug|Any CPU
		{6BC4BE6B-DBC5-43B0-9101-0A723F04D763}.NoVariablesDefault|Any CPU.ActiveCfg = Release|Any CPU
		{6BC4BE6B-DBC5-43B0-9101-0A723F04D763}.NoVariablesDefault|Any CPU.Build.0 = Release|Any CPU
		{6BC4BE6B-DBC5-43B0-9101-0A723F04D763}.Release|Any CPU.ActiveCfg = Release|Any CPU
		{6BC4BE6B-DBC5-43B0-9101-0A723F04D763}.Release|Any CPU.Build.0 = Release|Any CPU
		{DC38DB08-D7F8-454C-AE17-68AD52E8B24C}.Debug|Any CPU.ActiveCfg = Debug|Any CPU
		{DC38DB08-D7F8-454C-AE17-68AD52E8B24C}.Debug|Any CPU.Build.0 = Debug|Any CPU
		{DC38DB08-D7F8-454C-AE17-68AD52E8B24C}.NoVariablesDefault|Any CPU.ActiveCfg = Release|Any CPU
		{DC38DB08-D7F8-454C-AE17-68AD52E8B24C}.NoVariablesDefault|Any CPU.Build.0 = Release|Any CPU
		{DC38DB08-D7F8-454C-AE17-68AD52E8B24C}.Release|Any CPU.ActiveCfg = Release|Any CPU
		{DC38DB08-D7F8-454C-AE17-68AD52E8B24C}.Release|Any CPU.Build.0 = Release|Any CPU
		{B09DFE01-A061-4B79-9496-924B2306127D}.Debug|Any CPU.ActiveCfg = Debug|Any CPU
		{B09DFE01-A061-4B79-9496-924B2306127D}.Debug|Any CPU.Build.0 = Debug|Any CPU
		{B09DFE01-A061-4B79-9496-924B2306127D}.NoVariablesDefault|Any CPU.ActiveCfg = Release|Any CPU
		{B09DFE01-A061-4B79-9496-924B2306127D}.NoVariablesDefault|Any CPU.Build.0 = Release|Any CPU
		{B09DFE01-A061-4B79-9496-924B2306127D}.Release|Any CPU.ActiveCfg = Release|Any CPU
		{B09DFE01-A061-4B79-9496-924B2306127D}.Release|Any CPU.Build.0 = Release|Any CPU
		{68A151AC-724F-4E8B-A571-04F6A0AD2A72}.Debug|Any CPU.ActiveCfg = Debug|Any CPU
		{68A151AC-724F-4E8B-A571-04F6A0AD2A72}.Debug|Any CPU.Build.0 = Debug|Any CPU
		{68A151AC-724F-4E8B-A571-04F6A0AD2A72}.NoVariablesDefault|Any CPU.ActiveCfg = Release|Any CPU
		{68A151AC-724F-4E8B-A571-04F6A0AD2A72}.NoVariablesDefault|Any CPU.Build.0 = Release|Any CPU
		{68A151AC-724F-4E8B-A571-04F6A0AD2A72}.Release|Any CPU.ActiveCfg = Release|Any CPU
		{68A151AC-724F-4E8B-A571-04F6A0AD2A72}.Release|Any CPU.Build.0 = Release|Any CPU
		{A6C59CCF-0378-462C-A4C8-90498E3121B6}.Debug|Any CPU.ActiveCfg = Debug|Any CPU
		{A6C59CCF-0378-462C-A4C8-90498E3121B6}.Debug|Any CPU.Build.0 = Debug|Any CPU
		{A6C59CCF-0378-462C-A4C8-90498E3121B6}.NoVariablesDefault|Any CPU.ActiveCfg = Release|Any CPU
		{A6C59CCF-0378-462C-A4C8-90498E3121B6}.NoVariablesDefault|Any CPU.Build.0 = Release|Any CPU
		{A6C59CCF-0378-462C-A4C8-90498E3121B6}.Release|Any CPU.ActiveCfg = Release|Any CPU
		{A6C59CCF-0378-462C-A4C8-90498E3121B6}.Release|Any CPU.Build.0 = Release|Any CPU
		{DCB670BE-55CF-4672-BD5D-D6F4F12D2067}.Debug|Any CPU.ActiveCfg = Debug|Any CPU
		{DCB670BE-55CF-4672-BD5D-D6F4F12D2067}.Debug|Any CPU.Build.0 = Debug|Any CPU
		{DCB670BE-55CF-4672-BD5D-D6F4F12D2067}.NoVariablesDefault|Any CPU.ActiveCfg = Release|Any CPU
		{DCB670BE-55CF-4672-BD5D-D6F4F12D2067}.NoVariablesDefault|Any CPU.Build.0 = Release|Any CPU
		{DCB670BE-55CF-4672-BD5D-D6F4F12D2067}.Release|Any CPU.ActiveCfg = Release|Any CPU
		{DCB670BE-55CF-4672-BD5D-D6F4F12D2067}.Release|Any CPU.Build.0 = Release|Any CPU
		{F51425E8-30B6-4072-9FC1-FC53BDC673A7}.Debug|Any CPU.ActiveCfg = Debug|Any CPU
		{F51425E8-30B6-4072-9FC1-FC53BDC673A7}.Debug|Any CPU.Build.0 = Debug|Any CPU
		{F51425E8-30B6-4072-9FC1-FC53BDC673A7}.NoVariablesDefault|Any CPU.ActiveCfg = Debug|Any CPU
		{F51425E8-30B6-4072-9FC1-FC53BDC673A7}.NoVariablesDefault|Any CPU.Build.0 = Debug|Any CPU
		{F51425E8-30B6-4072-9FC1-FC53BDC673A7}.Release|Any CPU.ActiveCfg = Release|Any CPU
		{F51425E8-30B6-4072-9FC1-FC53BDC673A7}.Release|Any CPU.Build.0 = Release|Any CPU
		{906EDF74-1F56-EA0B-BC74-603AA17FD3A7}.Debug|Any CPU.ActiveCfg = Debug|Any CPU
		{906EDF74-1F56-EA0B-BC74-603AA17FD3A7}.Debug|Any CPU.Build.0 = Debug|Any CPU
		{906EDF74-1F56-EA0B-BC74-603AA17FD3A7}.NoVariablesDefault|Any CPU.ActiveCfg = Release|Any CPU
		{906EDF74-1F56-EA0B-BC74-603AA17FD3A7}.NoVariablesDefault|Any CPU.Build.0 = Release|Any CPU
		{906EDF74-1F56-EA0B-BC74-603AA17FD3A7}.Release|Any CPU.ActiveCfg = Release|Any CPU
		{906EDF74-1F56-EA0B-BC74-603AA17FD3A7}.Release|Any CPU.Build.0 = Release|Any CPU
		{48E6DFDA-8C63-EB3F-D261-3B78C94E3FCB}.Debug|Any CPU.ActiveCfg = Debug|Any CPU
		{48E6DFDA-8C63-EB3F-D261-3B78C94E3FCB}.Debug|Any CPU.Build.0 = Debug|Any CPU
		{48E6DFDA-8C63-EB3F-D261-3B78C94E3FCB}.NoVariablesDefault|Any CPU.ActiveCfg = Release|Any CPU
		{48E6DFDA-8C63-EB3F-D261-3B78C94E3FCB}.NoVariablesDefault|Any CPU.Build.0 = Release|Any CPU
		{48E6DFDA-8C63-EB3F-D261-3B78C94E3FCB}.Release|Any CPU.ActiveCfg = Release|Any CPU
		{48E6DFDA-8C63-EB3F-D261-3B78C94E3FCB}.Release|Any CPU.Build.0 = Release|Any CPU
		{74ED2357-5853-C35D-ECE6-40F7E69F8C00}.Debug|Any CPU.ActiveCfg = Debug|Any CPU
		{74ED2357-5853-C35D-ECE6-40F7E69F8C00}.Debug|Any CPU.Build.0 = Debug|Any CPU
		{74ED2357-5853-C35D-ECE6-40F7E69F8C00}.NoVariablesDefault|Any CPU.ActiveCfg = Release|Any CPU
		{74ED2357-5853-C35D-ECE6-40F7E69F8C00}.NoVariablesDefault|Any CPU.Build.0 = Release|Any CPU
		{74ED2357-5853-C35D-ECE6-40F7E69F8C00}.Release|Any CPU.ActiveCfg = Release|Any CPU
		{74ED2357-5853-C35D-ECE6-40F7E69F8C00}.Release|Any CPU.Build.0 = Release|Any CPU
		{ECAA5CEF-71A2-49F4-A646-6546FFE3E642}.Debug|Any CPU.ActiveCfg = Debug|Any CPU
		{ECAA5CEF-71A2-49F4-A646-6546FFE3E642}.Debug|Any CPU.Build.0 = Debug|Any CPU
		{ECAA5CEF-71A2-49F4-A646-6546FFE3E642}.NoVariablesDefault|Any CPU.ActiveCfg = Release|Any CPU
		{ECAA5CEF-71A2-49F4-A646-6546FFE3E642}.NoVariablesDefault|Any CPU.Build.0 = Release|Any CPU
		{ECAA5CEF-71A2-49F4-A646-6546FFE3E642}.Release|Any CPU.ActiveCfg = Release|Any CPU
		{ECAA5CEF-71A2-49F4-A646-6546FFE3E642}.Release|Any CPU.Build.0 = Release|Any CPU
		{B3834AB5-D200-4A7B-83A6-02EA84F24DFB}.Debug|Any CPU.ActiveCfg = Debug|Any CPU
		{B3834AB5-D200-4A7B-83A6-02EA84F24DFB}.Debug|Any CPU.Build.0 = Debug|Any CPU
		{B3834AB5-D200-4A7B-83A6-02EA84F24DFB}.NoVariablesDefault|Any CPU.ActiveCfg = Release|Any CPU
		{B3834AB5-D200-4A7B-83A6-02EA84F24DFB}.NoVariablesDefault|Any CPU.Build.0 = Release|Any CPU
		{B3834AB5-D200-4A7B-83A6-02EA84F24DFB}.Release|Any CPU.ActiveCfg = Release|Any CPU
		{B3834AB5-D200-4A7B-83A6-02EA84F24DFB}.Release|Any CPU.Build.0 = Release|Any CPU
		{87DE2DE4-8B57-F558-1F5E-5983C4ECC15F}.Debug|Any CPU.ActiveCfg = Debug|Any CPU
		{87DE2DE4-8B57-F558-1F5E-5983C4ECC15F}.Debug|Any CPU.Build.0 = Debug|Any CPU
		{87DE2DE4-8B57-F558-1F5E-5983C4ECC15F}.NoVariablesDefault|Any CPU.ActiveCfg = Release|Any CPU
		{87DE2DE4-8B57-F558-1F5E-5983C4ECC15F}.NoVariablesDefault|Any CPU.Build.0 = Release|Any CPU
		{87DE2DE4-8B57-F558-1F5E-5983C4ECC15F}.Release|Any CPU.ActiveCfg = Release|Any CPU
		{87DE2DE4-8B57-F558-1F5E-5983C4ECC15F}.Release|Any CPU.Build.0 = Release|Any CPU
		{DD36CC17-117D-4D46-99BB-148D7398DFB7}.Debug|Any CPU.ActiveCfg = Debug|Any CPU
		{DD36CC17-117D-4D46-99BB-148D7398DFB7}.Debug|Any CPU.Build.0 = Debug|Any CPU
		{DD36CC17-117D-4D46-99BB-148D7398DFB7}.NoVariablesDefault|Any CPU.ActiveCfg = Release|Any CPU
		{DD36CC17-117D-4D46-99BB-148D7398DFB7}.NoVariablesDefault|Any CPU.Build.0 = Release|Any CPU
		{DD36CC17-117D-4D46-99BB-148D7398DFB7}.Release|Any CPU.ActiveCfg = Release|Any CPU
		{DD36CC17-117D-4D46-99BB-148D7398DFB7}.Release|Any CPU.Build.0 = Release|Any CPU
		{646C1897-4BD6-0EDE-39B5-5923BD475437}.Debug|Any CPU.ActiveCfg = Debug|Any CPU
		{646C1897-4BD6-0EDE-39B5-5923BD475437}.Debug|Any CPU.Build.0 = Debug|Any CPU
		{646C1897-4BD6-0EDE-39B5-5923BD475437}.NoVariablesDefault|Any CPU.ActiveCfg = Release|Any CPU
		{646C1897-4BD6-0EDE-39B5-5923BD475437}.NoVariablesDefault|Any CPU.Build.0 = Release|Any CPU
		{646C1897-4BD6-0EDE-39B5-5923BD475437}.Release|Any CPU.ActiveCfg = Release|Any CPU
		{646C1897-4BD6-0EDE-39B5-5923BD475437}.Release|Any CPU.Build.0 = Release|Any CPU
		{02587E00-CD84-1B1B-4E80-159A630B6FC3}.Debug|Any CPU.ActiveCfg = Debug|Any CPU
		{02587E00-CD84-1B1B-4E80-159A630B6FC3}.Debug|Any CPU.Build.0 = Debug|Any CPU
		{02587E00-CD84-1B1B-4E80-159A630B6FC3}.Debug|Any CPU.Deploy.0 = Debug|Any CPU
		{02587E00-CD84-1B1B-4E80-159A630B6FC3}.NoVariablesDefault|Any CPU.ActiveCfg = Release|Any CPU
		{02587E00-CD84-1B1B-4E80-159A630B6FC3}.NoVariablesDefault|Any CPU.Build.0 = Release|Any CPU
		{02587E00-CD84-1B1B-4E80-159A630B6FC3}.NoVariablesDefault|Any CPU.Deploy.0 = Release|Any CPU
		{02587E00-CD84-1B1B-4E80-159A630B6FC3}.Release|Any CPU.ActiveCfg = Release|Any CPU
		{02587E00-CD84-1B1B-4E80-159A630B6FC3}.Release|Any CPU.Build.0 = Release|Any CPU
		{02587E00-CD84-1B1B-4E80-159A630B6FC3}.Release|Any CPU.Deploy.0 = Release|Any CPU
	EndGlobalSection
	GlobalSection(SolutionProperties) = preSolution
		HideSolutionNode = FALSE
	EndGlobalSection
	GlobalSection(NestedProjects) = preSolution
		{6BC4BE6B-DBC5-43B0-9101-0A723F04D763} = {956FD483-8AE9-4DEB-A975-4179766568F6}
		{DC38DB08-D7F8-454C-AE17-68AD52E8B24C} = {956FD483-8AE9-4DEB-A975-4179766568F6}
		{B09DFE01-A061-4B79-9496-924B2306127D} = {334621DA-C791-4350-BAD5-5CA23A4ADE41}
		{68A151AC-724F-4E8B-A571-04F6A0AD2A72} = {956FD483-8AE9-4DEB-A975-4179766568F6}
		{A6C59CCF-0378-462C-A4C8-90498E3121B6} = {956FD483-8AE9-4DEB-A975-4179766568F6}
		{F51425E8-30B6-4072-9FC1-FC53BDC673A7} = {334621DA-C791-4350-BAD5-5CA23A4ADE41}
		{906EDF74-1F56-EA0B-BC74-603AA17FD3A7} = {CE7F8AAE-2D76-4446-B29F-5309EA488EBF}
		{48E6DFDA-8C63-EB3F-D261-3B78C94E3FCB} = {42BA2F75-F91F-4DE4-B78B-AC61CF25B0DF}
		{74ED2357-5853-C35D-ECE6-40F7E69F8C00} = {42BA2F75-F91F-4DE4-B78B-AC61CF25B0DF}
		{ECAA5CEF-71A2-49F4-A646-6546FFE3E642} = {02EA681E-C7D8-13C7-8484-4AC65E1B71E8}
		{B3834AB5-D200-4A7B-83A6-02EA84F24DFB} = {02EA681E-C7D8-13C7-8484-4AC65E1B71E8}
		{8DBDF0E2-B508-4F8D-BC4E-5212990777F9} = {75AA49D4-21DB-4561-A2EA-5BABA28AF6B9}
		{87DE2DE4-8B57-F558-1F5E-5983C4ECC15F} = {8DBDF0E2-B508-4F8D-BC4E-5212990777F9}
		{DD36CC17-117D-4D46-99BB-148D7398DFB7} = {8DBDF0E2-B508-4F8D-BC4E-5212990777F9}
		{646C1897-4BD6-0EDE-39B5-5923BD475437} = {75AA49D4-21DB-4561-A2EA-5BABA28AF6B9}
		{02587E00-CD84-1B1B-4E80-159A630B6FC3} = {CE7F8AAE-2D76-4446-B29F-5309EA488EBF}
	EndGlobalSection
	GlobalSection(ExtensibilityGlobals) = postSolution
		SolutionGuid = {F69EFFA5-D3C7-45B2-A448-D4BE05AC833D}
	EndGlobalSection
EndGlobal
