
Microsoft Visual Studio Solution File, Format Version 12.00
# Visual Studio Version 17
VisualStudioVersion = 17.8.34525.116
MinimumVisualStudioVersion = 10.0.40219.1
Project("{9A19103F-16F7-4668-BE54-9A1E7A4F7556}") = "TimeHacker.Domain", "TimeHacker.Domain\TimeHacker.Domain.csproj", "{91456F96-5566-40B4-AB2E-102FA42CBA55}"
EndProject
Project("{2150E333-8FDC-42A3-9474-1A3956D46DE8}") = "05_Helpers", "05_Helpers", "{AF693F57-B57E-4B6D-935B-C9E42D458AB6}"
EndProject
Project("{9A19103F-16F7-4668-BE54-9A1E7A4F7556}") = "TimeHacker.Application", "TimeHacker.Application\TimeHacker.Application.csproj", "{2DCEE9BF-9DA8-48E5-A2D1-5993D828C398}"
EndProject
Project("{9A19103F-16F7-4668-BE54-9A1E7A4F7556}") = "TimeHacker.Tests", "TimeHacker.Tests\TimeHacker.Tests.csproj", "{ADFB07ED-9BFB-428A-A172-A732F5C41F23}"
EndProject
Project("{2150E333-8FDC-42A3-9474-1A3956D46DE8}") = "01_Presentation", "01_Presentation", "{196300E6-3694-435C-B056-7D1EA49B7E69}"
EndProject
Project("{2150E333-8FDC-42A3-9474-1A3956D46DE8}") = "02_Domain", "02_Domain", "{3EA4D687-4EDF-4E4F-99B6-6D97A96794A0}"
EndProject
Project("{2150E333-8FDC-42A3-9474-1A3956D46DE8}") = "03_Infrastructure", "03_Infrastructure", "{CA2963F4-07FC-4B8F-9F68-80D0B0F7A3A9}"
EndProject
Project("{2150E333-8FDC-42A3-9474-1A3956D46DE8}") = "06_Tests", "06_Tests", "{DA5EF610-05FB-4BAA-BE15-63AF6CF79F79}"
EndProject
Project("{9A19103F-16F7-4668-BE54-9A1E7A4F7556}") = "TimeHacker.Domain.Contracts", "TimeHacker.Comain.Contracts\TimeHacker.Domain.Contracts.csproj", "{365D95A0-FABE-4272-9B36-110042DB1BC1}"
EndProject
Project("{9A19103F-16F7-4668-BE54-9A1E7A4F7556}") = "TimeHacker.Migrations", "TimeHacker.Migrations\TimeHacker.Migrations.csproj", "{6C0C9434-026D-43DB-A055-4CEB2F99A179}"
EndProject
Project("{9A19103F-16F7-4668-BE54-9A1E7A4F7556}") = "TimeHacker.Infrastructure", "TimeHacker.Infrastructure\TimeHacker.Infrastructure.csproj", "{934ABC8F-3E46-4B1B-B232-34471F313397}"
EndProject
Project("{9A19103F-16F7-4668-BE54-9A1E7A4F7556}") = "TimeHacker.Helpers.DB", "TimeHacker.Helpers.DB\TimeHacker.Helpers.DB.csproj", "{F024024C-9542-4A90-9411-1EA077CDD3C4}"
EndProject
Project("{9A19103F-16F7-4668-BE54-9A1E7A4F7556}") = "TimeHacker.Helpers.Domain", "TimeHacker.Helpers.Domain\TimeHacker.Helpers.Domain.csproj", "{0C7DB109-63E8-4D61-9E5A-B616F1100ADE}"
EndProject
Global
	GlobalSection(SolutionConfigurationPlatforms) = preSolution
		Debug|Any CPU = Debug|Any CPU
		Release|Any CPU = Release|Any CPU
	EndGlobalSection
	GlobalSection(ProjectConfigurationPlatforms) = postSolution
		{91456F96-5566-40B4-AB2E-102FA42CBA55}.Debug|Any CPU.ActiveCfg = Debug|Any CPU
		{91456F96-5566-40B4-AB2E-102FA42CBA55}.Debug|Any CPU.Build.0 = Debug|Any CPU
		{91456F96-5566-40B4-AB2E-102FA42CBA55}.Release|Any CPU.ActiveCfg = Release|Any CPU
		{91456F96-5566-40B4-AB2E-102FA42CBA55}.Release|Any CPU.Build.0 = Release|Any CPU
		{2DCEE9BF-9DA8-48E5-A2D1-5993D828C398}.Debug|Any CPU.ActiveCfg = Debug|Any CPU
		{2DCEE9BF-9DA8-48E5-A2D1-5993D828C398}.Debug|Any CPU.Build.0 = Debug|Any CPU
		{2DCEE9BF-9DA8-48E5-A2D1-5993D828C398}.Release|Any CPU.ActiveCfg = Release|Any CPU
		{2DCEE9BF-9DA8-48E5-A2D1-5993D828C398}.Release|Any CPU.Build.0 = Release|Any CPU
		{ADFB07ED-9BFB-428A-A172-A732F5C41F23}.Debug|Any CPU.ActiveCfg = Debug|Any CPU
		{ADFB07ED-9BFB-428A-A172-A732F5C41F23}.Debug|Any CPU.Build.0 = Debug|Any CPU
		{ADFB07ED-9BFB-428A-A172-A732F5C41F23}.Release|Any CPU.ActiveCfg = Release|Any CPU
		{ADFB07ED-9BFB-428A-A172-A732F5C41F23}.Release|Any CPU.Build.0 = Release|Any CPU
		{365D95A0-FABE-4272-9B36-110042DB1BC1}.Debug|Any CPU.ActiveCfg = Debug|Any CPU
		{365D95A0-FABE-4272-9B36-110042DB1BC1}.Debug|Any CPU.Build.0 = Debug|Any CPU
		{365D95A0-FABE-4272-9B36-110042DB1BC1}.Release|Any CPU.ActiveCfg = Release|Any CPU
		{365D95A0-FABE-4272-9B36-110042DB1BC1}.Release|Any CPU.Build.0 = Release|Any CPU
		{6C0C9434-026D-43DB-A055-4CEB2F99A179}.Debug|Any CPU.ActiveCfg = Debug|Any CPU
		{6C0C9434-026D-43DB-A055-4CEB2F99A179}.Debug|Any CPU.Build.0 = Debug|Any CPU
		{6C0C9434-026D-43DB-A055-4CEB2F99A179}.Release|Any CPU.ActiveCfg = Release|Any CPU
		{6C0C9434-026D-43DB-A055-4CEB2F99A179}.Release|Any CPU.Build.0 = Release|Any CPU
		{934ABC8F-3E46-4B1B-B232-34471F313397}.Debug|Any CPU.ActiveCfg = Debug|Any CPU
		{934ABC8F-3E46-4B1B-B232-34471F313397}.Debug|Any CPU.Build.0 = Debug|Any CPU
		{934ABC8F-3E46-4B1B-B232-34471F313397}.Release|Any CPU.ActiveCfg = Release|Any CPU
		{934ABC8F-3E46-4B1B-B232-34471F313397}.Release|Any CPU.Build.0 = Release|Any CPU
		{F024024C-9542-4A90-9411-1EA077CDD3C4}.Debug|Any CPU.ActiveCfg = Debug|Any CPU
		{F024024C-9542-4A90-9411-1EA077CDD3C4}.Debug|Any CPU.Build.0 = Debug|Any CPU
		{F024024C-9542-4A90-9411-1EA077CDD3C4}.Release|Any CPU.ActiveCfg = Release|Any CPU
		{F024024C-9542-4A90-9411-1EA077CDD3C4}.Release|Any CPU.Build.0 = Release|Any CPU
		{0C7DB109-63E8-4D61-9E5A-B616F1100ADE}.Debug|Any CPU.ActiveCfg = Debug|Any CPU
		{0C7DB109-63E8-4D61-9E5A-B616F1100ADE}.Debug|Any CPU.Build.0 = Debug|Any CPU
		{0C7DB109-63E8-4D61-9E5A-B616F1100ADE}.Release|Any CPU.ActiveCfg = Release|Any CPU
		{0C7DB109-63E8-4D61-9E5A-B616F1100ADE}.Release|Any CPU.Build.0 = Release|Any CPU
	EndGlobalSection
	GlobalSection(SolutionProperties) = preSolution
		HideSolutionNode = FALSE
	EndGlobalSection
	GlobalSection(NestedProjects) = preSolution
		{91456F96-5566-40B4-AB2E-102FA42CBA55} = {3EA4D687-4EDF-4E4F-99B6-6D97A96794A0}
		{2DCEE9BF-9DA8-48E5-A2D1-5993D828C398} = {196300E6-3694-435C-B056-7D1EA49B7E69}
		{ADFB07ED-9BFB-428A-A172-A732F5C41F23} = {DA5EF610-05FB-4BAA-BE15-63AF6CF79F79}
		{365D95A0-FABE-4272-9B36-110042DB1BC1} = {3EA4D687-4EDF-4E4F-99B6-6D97A96794A0}
		{6C0C9434-026D-43DB-A055-4CEB2F99A179} = {CA2963F4-07FC-4B8F-9F68-80D0B0F7A3A9}
		{934ABC8F-3E46-4B1B-B232-34471F313397} = {CA2963F4-07FC-4B8F-9F68-80D0B0F7A3A9}
		{F024024C-9542-4A90-9411-1EA077CDD3C4} = {AF693F57-B57E-4B6D-935B-C9E42D458AB6}
		{0C7DB109-63E8-4D61-9E5A-B616F1100ADE} = {AF693F57-B57E-4B6D-935B-C9E42D458AB6}
	EndGlobalSection
	GlobalSection(ExtensibilityGlobals) = postSolution
		SolutionGuid = {987D35CA-7407-4A13-9E05-A09698035A28}
	EndGlobalSection
EndGlobal
